Microsoft Visual Studio Solution File, Format Version 12.00
# Visual Studio Version 16
VisualStudioVersion = 16.0.30717.126
MinimumVisualStudioVersion = 10.0.40219.1
Project("{FAE04EC0-301F-11D3-BF4B-00C04F79EFBC}") = "ACRM.mobile.Android", "ACRM.mobile.Android\ACRM.mobile.Android.csproj", "{F8AF21F9-959E-4DA4-8E42-5CCE001D1BAF}"
EndProject
Project("{2150E333-8FDC-42A3-9474-1A3956D46DE8}") = "1. Wrappers", "1. Wrappers", "{B342CA20-B9B8-4999-BF9E-0CC9B2430D25}"
EndProject
Project("{2150E333-8FDC-42A3-9474-1A3956D46DE8}") = "2. User Interface", "2. User Interface", "{4F3B1AC3-FE06-436F-931B-EF4E77550E00}"
EndProject
Project("{2150E333-8FDC-42A3-9474-1A3956D46DE8}") = "3. Business Logic", "3. Business Logic", "{B624560C-5CE8-4D96-B54B-6C7AFD006593}"
EndProject
Project("{2150E333-8FDC-42A3-9474-1A3956D46DE8}") = "4. Data Layer", "4. Data Layer", "{A21E1319-D373-4B9D-AD6B-FD228D0B1F8D}"
EndProject
Project("{2150E333-8FDC-42A3-9474-1A3956D46DE8}") = "5. Common", "5. Common", "{22BB4F20-6BA2-41E2-A1BD-FD53445263CC}"
EndProject
Project("{2150E333-8FDC-42A3-9474-1A3956D46DE8}") = "6. Testing", "6. Testing", "{1C7C5E16-2E0A-45BC-B2D0-D200B104A5B2}"
EndProject
Project("{9A19103F-16F7-4668-BE54-9A1E7A4F7556}") = "ACRM.mobile.Domain", "ACRM.mobile.Domain\ACRM.mobile.Domain.csproj", "{1DED904C-4F36-4DB9-B20E-3771E116C477}"
EndProject
Project("{9A19103F-16F7-4668-BE54-9A1E7A4F7556}") = "ACRM.mobile.DataAccess.Network", "ACRM.mobile.DataAccess.Network\ACRM.mobile.DataAccess.Network.csproj", "{66E64680-FA42-4396-B5A8-B42DDE84E594}"
EndProject
Project("{9A19103F-16F7-4668-BE54-9A1E7A4F7556}") = "ACRM.mobile.DataAccess.Local", "ACRM.mobile.DataAccess.Local\ACRM.mobile.DataAccess.Local.csproj", "{DC9BB094-87C7-48E2-87EB-25E0D45F1633}"
EndProject
Project("{9A19103F-16F7-4668-BE54-9A1E7A4F7556}") = "ACRM.mobile.DataAccess", "ACRM.mobile.DataAccess\ACRM.mobile.DataAccess.csproj", "{1453801C-C592-456B-B5F5-4D2469C0A8E6}"
EndProject
Project("{9A19103F-16F7-4668-BE54-9A1E7A4F7556}") = "ACRM.Mobile.Tests.LocalDataAccess", "ACRM.Mobile.Tests.LocalDataAccess\ACRM.Mobile.Tests.LocalDataAccess.csproj", "{17F3B1B6-D8AB-449F-957C-F2AF26442C6C}"
EndProject
Project("{9A19103F-16F7-4668-BE54-9A1E7A4F7556}") = "ACRM.mobile.Services", "ACRM.mobile.Services\ACRM.mobile.Services.csproj", "{4464D301-8308-4DDE-BC90-8DCB198E42DB}"
EndProject
Project("{9A19103F-16F7-4668-BE54-9A1E7A4F7556}") = "ACRM.mobile.Logging", "ACRM.mobile.Logging\ACRM.mobile.Logging.csproj", "{3D6FF026-7ABD-4ED4-9487-2D78A21679F1}"
EndProject
Project("{9A19103F-16F7-4668-BE54-9A1E7A4F7556}") = "ACRM.mobile", "ACRM.mobile\ACRM.mobile.csproj", "{BBF54373-6690-40C8-BEBB-AFB325AD5104}"
EndProject
Global
	GlobalSection(SolutionConfigurationPlatforms) = preSolution
		Debug|Any CPU = Debug|Any CPU
		Debug|ARM = Debug|ARM
		Debug|iPhone = Debug|iPhone
		Debug|iPhoneSimulator = Debug|iPhoneSimulator
		Debug|x64 = Debug|x64
		Debug|x86 = Debug|x86
		Release|Any CPU = Release|Any CPU
		Release|ARM = Release|ARM
		Release|iPhone = Release|iPhone
		Release|iPhoneSimulator = Release|iPhoneSimulator
		Release|x64 = Release|x64
		Release|x86 = Release|x86
	EndGlobalSection
	GlobalSection(ProjectConfigurationPlatforms) = postSolution
		{F8AF21F9-959E-4DA4-8E42-5CCE001D1BAF}.Debug|Any CPU.ActiveCfg = Debug|Any CPU
		{F8AF21F9-959E-4DA4-8E42-5CCE001D1BAF}.Debug|Any CPU.Build.0 = Debug|Any CPU
		{F8AF21F9-959E-4DA4-8E42-5CCE001D1BAF}.Debug|Any CPU.Deploy.0 = Debug|Any CPU
		{F8AF21F9-959E-4DA4-8E42-5CCE001D1BAF}.Debug|ARM.ActiveCfg = Debug|Any CPU
		{F8AF21F9-959E-4DA4-8E42-5CCE001D1BAF}.Debug|ARM.Build.0 = Debug|Any CPU
		{F8AF21F9-959E-4DA4-8E42-5CCE001D1BAF}.Debug|ARM.Deploy.0 = Debug|Any CPU
		{F8AF21F9-959E-4DA4-8E42-5CCE001D1BAF}.Debug|iPhone.ActiveCfg = Debug|Any CPU
		{F8AF21F9-959E-4DA4-8E42-5CCE001D1BAF}.Debug|iPhone.Build.0 = Debug|Any CPU
		{F8AF21F9-959E-4DA4-8E42-5CCE001D1BAF}.Debug|iPhoneSimulator.ActiveCfg = Debug|Any CPU
		{F8AF21F9-959E-4DA4-8E42-5CCE001D1BAF}.Debug|x64.ActiveCfg = Debug|Any CPU
		{F8AF21F9-959E-4DA4-8E42-5CCE001D1BAF}.Debug|x64.Build.0 = Debug|Any CPU
		{F8AF21F9-959E-4DA4-8E42-5CCE001D1BAF}.Debug|x64.Deploy.0 = Debug|Any CPU
		{F8AF21F9-959E-4DA4-8E42-5CCE001D1BAF}.Debug|x86.ActiveCfg = Debug|Any CPU
		{F8AF21F9-959E-4DA4-8E42-5CCE001D1BAF}.Debug|x86.Build.0 = Debug|Any CPU
		{F8AF21F9-959E-4DA4-8E42-5CCE001D1BAF}.Debug|x86.Deploy.0 = Debug|Any CPU
		{F8AF21F9-959E-4DA4-8E42-5CCE001D1BAF}.Release|Any CPU.ActiveCfg = Release|Any CPU
		{F8AF21F9-959E-4DA4-8E42-5CCE001D1BAF}.Release|Any CPU.Build.0 = Release|Any CPU
		{F8AF21F9-959E-4DA4-8E42-5CCE001D1BAF}.Release|ARM.ActiveCfg = Release|Any CPU
		{F8AF21F9-959E-4DA4-8E42-5CCE001D1BAF}.Release|ARM.Build.0 = Release|Any CPU
		{F8AF21F9-959E-4DA4-8E42-5CCE001D1BAF}.Release|ARM.Deploy.0 = Release|Any CPU
		{F8AF21F9-959E-4DA4-8E42-5CCE001D1BAF}.Release|iPhone.ActiveCfg = Release|Any CPU
		{F8AF21F9-959E-4DA4-8E42-5CCE001D1BAF}.Release|iPhone.Build.0 = Release|Any CPU
		{F8AF21F9-959E-4DA4-8E42-5CCE001D1BAF}.Release|iPhoneSimulator.ActiveCfg = Release|Any CPU
		{F8AF21F9-959E-4DA4-8E42-5CCE001D1BAF}.Release|iPhoneSimulator.Build.0 = Release|Any CPU
		{F8AF21F9-959E-4DA4-8E42-5CCE001D1BAF}.Release|x64.ActiveCfg = Release|Any CPU
		{F8AF21F9-959E-4DA4-8E42-5CCE001D1BAF}.Release|x64.Build.0 = Release|Any CPU
		{F8AF21F9-959E-4DA4-8E42-5CCE001D1BAF}.Release|x64.Deploy.0 = Release|Any CPU
		{F8AF21F9-959E-4DA4-8E42-5CCE001D1BAF}.Release|x86.ActiveCfg = Release|Any CPU
		{F8AF21F9-959E-4DA4-8E42-5CCE001D1BAF}.Release|x86.Build.0 = Release|Any CPU
		{F8AF21F9-959E-4DA4-8E42-5CCE001D1BAF}.Release|x86.Deploy.0 = Release|Any CPU
		{1DED904C-4F36-4DB9-B20E-3771E116C477}.Debug|Any CPU.ActiveCfg = Debug|Any CPU
		{1DED904C-4F36-4DB9-B20E-3771E116C477}.Debug|Any CPU.Build.0 = Debug|Any CPU
		{1DED904C-4F36-4DB9-B20E-3771E116C477}.Debug|ARM.ActiveCfg = Debug|Any CPU
		{1DED904C-4F36-4DB9-B20E-3771E116C477}.Debug|ARM.Build.0 = Debug|Any CPU
		{1DED904C-4F36-4DB9-B20E-3771E116C477}.Debug|iPhone.ActiveCfg = Debug|Any CPU
		{1DED904C-4F36-4DB9-B20E-3771E116C477}.Debug|iPhone.Build.0 = Debug|Any CPU
		{1DED904C-4F36-4DB9-B20E-3771E116C477}.Debug|iPhoneSimulator.ActiveCfg = Debug|Any CPU
		{1DED904C-4F36-4DB9-B20E-3771E116C477}.Debug|x64.ActiveCfg = Debug|Any CPU
		{1DED904C-4F36-4DB9-B20E-3771E116C477}.Debug|x64.Build.0 = Debug|Any CPU
		{1DED904C-4F36-4DB9-B20E-3771E116C477}.Debug|x86.ActiveCfg = Debug|Any CPU
		{1DED904C-4F36-4DB9-B20E-3771E116C477}.Debug|x86.Build.0 = Debug|Any CPU
		{1DED904C-4F36-4DB9-B20E-3771E116C477}.Release|Any CPU.ActiveCfg = Release|Any CPU
		{1DED904C-4F36-4DB9-B20E-3771E116C477}.Release|Any CPU.Build.0 = Release|Any CPU
		{1DED904C-4F36-4DB9-B20E-3771E116C477}.Release|ARM.ActiveCfg = Release|Any CPU
		{1DED904C-4F36-4DB9-B20E-3771E116C477}.Release|ARM.Build.0 = Release|Any CPU
		{1DED904C-4F36-4DB9-B20E-3771E116C477}.Release|iPhone.ActiveCfg = Release|Any CPU
		{1DED904C-4F36-4DB9-B20E-3771E116C477}.Release|iPhone.Build.0 = Release|Any CPU
		{1DED904C-4F36-4DB9-B20E-3771E116C477}.Release|iPhoneSimulator.ActiveCfg = Release|Any CPU
		{1DED904C-4F36-4DB9-B20E-3771E116C477}.Release|iPhoneSimulator.Build.0 = Release|Any CPU
		{1DED904C-4F36-4DB9-B20E-3771E116C477}.Release|x64.ActiveCfg = Release|Any CPU
		{1DED904C-4F36-4DB9-B20E-3771E116C477}.Release|x64.Build.0 = Release|Any CPU
		{1DED904C-4F36-4DB9-B20E-3771E116C477}.Release|x86.ActiveCfg = Release|Any CPU
		{1DED904C-4F36-4DB9-B20E-3771E116C477}.Release|x86.Build.0 = Release|Any CPU
		{1DED904C-4F36-4DB9-B20E-3771E116C477}.Debug|iPhoneSimulator.Build.0 = Debug|Any CPU
		{66E64680-FA42-4396-B5A8-B42DDE84E594}.Debug|Any CPU.ActiveCfg = Debug|Any CPU
		{66E64680-FA42-4396-B5A8-B42DDE84E594}.Debug|Any CPU.Build.0 = Debug|Any CPU
		{66E64680-FA42-4396-B5A8-B42DDE84E594}.Debug|ARM.ActiveCfg = Debug|Any CPU
		{66E64680-FA42-4396-B5A8-B42DDE84E594}.Debug|ARM.Build.0 = Debug|Any CPU
		{66E64680-FA42-4396-B5A8-B42DDE84E594}.Debug|iPhone.ActiveCfg = Debug|Any CPU
		{66E64680-FA42-4396-B5A8-B42DDE84E594}.Debug|iPhone.Build.0 = Debug|Any CPU
		{66E64680-FA42-4396-B5A8-B42DDE84E594}.Debug|iPhoneSimulator.ActiveCfg = Debug|Any CPU
		{66E64680-FA42-4396-B5A8-B42DDE84E594}.Debug|x64.ActiveCfg = Debug|Any CPU
		{66E64680-FA42-4396-B5A8-B42DDE84E594}.Debug|x64.Build.0 = Debug|Any CPU
		{66E64680-FA42-4396-B5A8-B42DDE84E594}.Debug|x86.ActiveCfg = Debug|Any CPU
		{66E64680-FA42-4396-B5A8-B42DDE84E594}.Debug|x86.Build.0 = Debug|Any CPU
		{66E64680-FA42-4396-B5A8-B42DDE84E594}.Release|Any CPU.ActiveCfg = Release|Any CPU
		{66E64680-FA42-4396-B5A8-B42DDE84E594}.Release|Any CPU.Build.0 = Release|Any CPU
		{66E64680-FA42-4396-B5A8-B42DDE84E594}.Release|ARM.ActiveCfg = Release|Any CPU
		{66E64680-FA42-4396-B5A8-B42DDE84E594}.Release|ARM.Build.0 = Release|Any CPU
		{66E64680-FA42-4396-B5A8-B42DDE84E594}.Release|iPhone.ActiveCfg = Release|Any CPU
		{66E64680-FA42-4396-B5A8-B42DDE84E594}.Release|iPhone.Build.0 = Release|Any CPU
		{66E64680-FA42-4396-B5A8-B42DDE84E594}.Release|iPhoneSimulator.ActiveCfg = Release|Any CPU
		{66E64680-FA42-4396-B5A8-B42DDE84E594}.Release|iPhoneSimulator.Build.0 = Release|Any CPU
		{66E64680-FA42-4396-B5A8-B42DDE84E594}.Release|x64.ActiveCfg = Release|Any CPU
		{66E64680-FA42-4396-B5A8-B42DDE84E594}.Release|x64.Build.0 = Release|Any CPU
		{66E64680-FA42-4396-B5A8-B42DDE84E594}.Release|x86.ActiveCfg = Release|Any CPU
		{66E64680-FA42-4396-B5A8-B42DDE84E594}.Release|x86.Build.0 = Release|Any CPU
		{66E64680-FA42-4396-B5A8-B42DDE84E594}.Debug|iPhoneSimulator.Build.0 = Debug|Any CPU
		{DC9BB094-87C7-48E2-87EB-25E0D45F1633}.Debug|Any CPU.ActiveCfg = Debug|Any CPU
		{DC9BB094-87C7-48E2-87EB-25E0D45F1633}.Debug|Any CPU.Build.0 = Debug|Any CPU
		{DC9BB094-87C7-48E2-87EB-25E0D45F1633}.Debug|ARM.ActiveCfg = Debug|Any CPU
		{DC9BB094-87C7-48E2-87EB-25E0D45F1633}.Debug|ARM.Build.0 = Debug|Any CPU
		{DC9BB094-87C7-48E2-87EB-25E0D45F1633}.Debug|iPhone.ActiveCfg = Debug|Any CPU
		{DC9BB094-87C7-48E2-87EB-25E0D45F1633}.Debug|iPhone.Build.0 = Debug|Any CPU
		{DC9BB094-87C7-48E2-87EB-25E0D45F1633}.Debug|iPhoneSimulator.ActiveCfg = Debug|Any CPU
		{DC9BB094-87C7-48E2-87EB-25E0D45F1633}.Debug|x64.ActiveCfg = Debug|Any CPU
		{DC9BB094-87C7-48E2-87EB-25E0D45F1633}.Debug|x64.Build.0 = Debug|Any CPU
		{DC9BB094-87C7-48E2-87EB-25E0D45F1633}.Debug|x86.ActiveCfg = Debug|Any CPU
		{DC9BB094-87C7-48E2-87EB-25E0D45F1633}.Debug|x86.Build.0 = Debug|Any CPU
		{DC9BB094-87C7-48E2-87EB-25E0D45F1633}.Release|Any CPU.ActiveCfg = Release|Any CPU
		{DC9BB094-87C7-48E2-87EB-25E0D45F1633}.Release|Any CPU.Build.0 = Release|Any CPU
		{DC9BB094-87C7-48E2-87EB-25E0D45F1633}.Release|ARM.ActiveCfg = Release|Any CPU
		{DC9BB094-87C7-48E2-87EB-25E0D45F1633}.Release|ARM.Build.0 = Release|Any CPU
		{DC9BB094-87C7-48E2-87EB-25E0D45F1633}.Release|iPhone.ActiveCfg = Release|Any CPU
		{DC9BB094-87C7-48E2-87EB-25E0D45F1633}.Release|iPhone.Build.0 = Release|Any CPU
		{DC9BB094-87C7-48E2-87EB-25E0D45F1633}.Release|iPhoneSimulator.ActiveCfg = Release|Any CPU
		{DC9BB094-87C7-48E2-87EB-25E0D45F1633}.Release|iPhoneSimulator.Build.0 = Release|Any CPU
		{DC9BB094-87C7-48E2-87EB-25E0D45F1633}.Release|x64.ActiveCfg = Release|Any CPU
		{DC9BB094-87C7-48E2-87EB-25E0D45F1633}.Release|x64.Build.0 = Release|Any CPU
		{DC9BB094-87C7-48E2-87EB-25E0D45F1633}.Release|x86.ActiveCfg = Release|Any CPU
		{DC9BB094-87C7-48E2-87EB-25E0D45F1633}.Release|x86.Build.0 = Release|Any CPU
		{DC9BB094-87C7-48E2-87EB-25E0D45F1633}.Debug|iPhoneSimulator.Build.0 = Debug|Any CPU
		{1453801C-C592-456B-B5F5-4D2469C0A8E6}.Debug|Any CPU.ActiveCfg = Debug|Any CPU
		{1453801C-C592-456B-B5F5-4D2469C0A8E6}.Debug|Any CPU.Build.0 = Debug|Any CPU
		{1453801C-C592-456B-B5F5-4D2469C0A8E6}.Debug|ARM.ActiveCfg = Debug|Any CPU
		{1453801C-C592-456B-B5F5-4D2469C0A8E6}.Debug|ARM.Build.0 = Debug|Any CPU
		{1453801C-C592-456B-B5F5-4D2469C0A8E6}.Debug|iPhone.ActiveCfg = Debug|Any CPU
		{1453801C-C592-456B-B5F5-4D2469C0A8E6}.Debug|iPhone.Build.0 = Debug|Any CPU
		{1453801C-C592-456B-B5F5-4D2469C0A8E6}.Debug|iPhoneSimulator.ActiveCfg = Debug|Any CPU
		{1453801C-C592-456B-B5F5-4D2469C0A8E6}.Debug|x64.ActiveCfg = Debug|Any CPU
		{1453801C-C592-456B-B5F5-4D2469C0A8E6}.Debug|x64.Build.0 = Debug|Any CPU
		{1453801C-C592-456B-B5F5-4D2469C0A8E6}.Debug|x86.ActiveCfg = Debug|Any CPU
		{1453801C-C592-456B-B5F5-4D2469C0A8E6}.Debug|x86.Build.0 = Debug|Any CPU
		{1453801C-C592-456B-B5F5-4D2469C0A8E6}.Release|Any CPU.ActiveCfg = Release|Any CPU
		{1453801C-C592-456B-B5F5-4D2469C0A8E6}.Release|Any CPU.Build.0 = Release|Any CPU
		{1453801C-C592-456B-B5F5-4D2469C0A8E6}.Release|ARM.ActiveCfg = Release|Any CPU
		{1453801C-C592-456B-B5F5-4D2469C0A8E6}.Release|ARM.Build.0 = Release|Any CPU
		{1453801C-C592-456B-B5F5-4D2469C0A8E6}.Release|iPhone.ActiveCfg = Release|Any CPU
		{1453801C-C592-456B-B5F5-4D2469C0A8E6}.Release|iPhone.Build.0 = Release|Any CPU
		{1453801C-C592-456B-B5F5-4D2469C0A8E6}.Release|iPhoneSimulator.ActiveCfg = Release|Any CPU
		{1453801C-C592-456B-B5F5-4D2469C0A8E6}.Release|iPhoneSimulator.Build.0 = Release|Any CPU
		{1453801C-C592-456B-B5F5-4D2469C0A8E6}.Release|x64.ActiveCfg = Release|Any CPU
		{1453801C-C592-456B-B5F5-4D2469C0A8E6}.Release|x64.Build.0 = Release|Any CPU
		{1453801C-C592-456B-B5F5-4D2469C0A8E6}.Release|x86.ActiveCfg = Release|Any CPU
		{1453801C-C592-456B-B5F5-4D2469C0A8E6}.Release|x86.Build.0 = Release|Any CPU
		{1453801C-C592-456B-B5F5-4D2469C0A8E6}.Debug|iPhoneSimulator.Build.0 = Debug|Any CPU
		{17F3B1B6-D8AB-449F-957C-F2AF26442C6C}.Debug|Any CPU.ActiveCfg = Debug|Any CPU
		{17F3B1B6-D8AB-449F-957C-F2AF26442C6C}.Debug|Any CPU.Build.0 = Debug|Any CPU
		{17F3B1B6-D8AB-449F-957C-F2AF26442C6C}.Debug|ARM.ActiveCfg = Debug|Any CPU
		{17F3B1B6-D8AB-449F-957C-F2AF26442C6C}.Debug|ARM.Build.0 = Debug|Any CPU
		{17F3B1B6-D8AB-449F-957C-F2AF26442C6C}.Debug|iPhone.ActiveCfg = Debug|Any CPU
		{17F3B1B6-D8AB-449F-957C-F2AF26442C6C}.Debug|iPhone.Build.0 = Debug|Any CPU
		{17F3B1B6-D8AB-449F-957C-F2AF26442C6C}.Debug|iPhoneSimulator.ActiveCfg = Debug|Any CPU
		{17F3B1B6-D8AB-449F-957C-F2AF26442C6C}.Debug|x64.ActiveCfg = Debug|Any CPU
		{17F3B1B6-D8AB-449F-957C-F2AF26442C6C}.Debug|x64.Build.0 = Debug|Any CPU
		{17F3B1B6-D8AB-449F-957C-F2AF26442C6C}.Debug|x86.ActiveCfg = Debug|Any CPU
		{17F3B1B6-D8AB-449F-957C-F2AF26442C6C}.Debug|x86.Build.0 = Debug|Any CPU
		{17F3B1B6-D8AB-449F-957C-F2AF26442C6C}.Release|Any CPU.ActiveCfg = Release|Any CPU
		{17F3B1B6-D8AB-449F-957C-F2AF26442C6C}.Release|Any CPU.Build.0 = Release|Any CPU
		{17F3B1B6-D8AB-449F-957C-F2AF26442C6C}.Release|ARM.ActiveCfg = Release|Any CPU
		{17F3B1B6-D8AB-449F-957C-F2AF26442C6C}.Release|ARM.Build.0 = Release|Any CPU
		{17F3B1B6-D8AB-449F-957C-F2AF26442C6C}.Release|iPhone.ActiveCfg = Release|Any CPU
		{17F3B1B6-D8AB-449F-957C-F2AF26442C6C}.Release|iPhone.Build.0 = Release|Any CPU
		{17F3B1B6-D8AB-449F-957C-F2AF26442C6C}.Release|iPhoneSimulator.ActiveCfg = Release|Any CPU
		{17F3B1B6-D8AB-449F-957C-F2AF26442C6C}.Release|iPhoneSimulator.Build.0 = Release|Any CPU
		{17F3B1B6-D8AB-449F-957C-F2AF26442C6C}.Release|x64.ActiveCfg = Release|Any CPU
		{17F3B1B6-D8AB-449F-957C-F2AF26442C6C}.Release|x64.Build.0 = Release|Any CPU
		{17F3B1B6-D8AB-449F-957C-F2AF26442C6C}.Release|x86.ActiveCfg = Release|Any CPU
		{17F3B1B6-D8AB-449F-957C-F2AF26442C6C}.Release|x86.Build.0 = Release|Any CPU
		{17F3B1B6-D8AB-449F-957C-F2AF26442C6C}.Debug|iPhoneSimulator.Build.0 = Debug|Any CPU
		{4464D301-8308-4DDE-BC90-8DCB198E42DB}.Debug|Any CPU.ActiveCfg = Debug|Any CPU
		{4464D301-8308-4DDE-BC90-8DCB198E42DB}.Debug|Any CPU.Build.0 = Debug|Any CPU
		{4464D301-8308-4DDE-BC90-8DCB198E42DB}.Debug|ARM.ActiveCfg = Debug|Any CPU
		{4464D301-8308-4DDE-BC90-8DCB198E42DB}.Debug|ARM.Build.0 = Debug|Any CPU
		{4464D301-8308-4DDE-BC90-8DCB198E42DB}.Debug|iPhone.ActiveCfg = Debug|Any CPU
		{4464D301-8308-4DDE-BC90-8DCB198E42DB}.Debug|iPhone.Build.0 = Debug|Any CPU
		{4464D301-8308-4DDE-BC90-8DCB198E42DB}.Debug|iPhoneSimulator.ActiveCfg = Debug|Any CPU
		{4464D301-8308-4DDE-BC90-8DCB198E42DB}.Debug|x64.ActiveCfg = Debug|Any CPU
		{4464D301-8308-4DDE-BC90-8DCB198E42DB}.Debug|x64.Build.0 = Debug|Any CPU
		{4464D301-8308-4DDE-BC90-8DCB198E42DB}.Debug|x86.ActiveCfg = Debug|Any CPU
		{4464D301-8308-4DDE-BC90-8DCB198E42DB}.Debug|x86.Build.0 = Debug|Any CPU
		{4464D301-8308-4DDE-BC90-8DCB198E42DB}.Release|Any CPU.ActiveCfg = Release|Any CPU
		{4464D301-8308-4DDE-BC90-8DCB198E42DB}.Release|Any CPU.Build.0 = Release|Any CPU
		{4464D301-8308-4DDE-BC90-8DCB198E42DB}.Release|ARM.ActiveCfg = Release|Any CPU
		{4464D301-8308-4DDE-BC90-8DCB198E42DB}.Release|ARM.Build.0 = Release|Any CPU
		{4464D301-8308-4DDE-BC90-8DCB198E42DB}.Release|iPhone.ActiveCfg = Release|Any CPU
		{4464D301-8308-4DDE-BC90-8DCB198E42DB}.Release|iPhone.Build.0 = Release|Any CPU
		{4464D301-8308-4DDE-BC90-8DCB198E42DB}.Release|iPhoneSimulator.ActiveCfg = Release|Any CPU
		{4464D301-8308-4DDE-BC90-8DCB198E42DB}.Release|iPhoneSimulator.Build.0 = Release|Any CPU
		{4464D301-8308-4DDE-BC90-8DCB198E42DB}.Release|x64.ActiveCfg = Release|Any CPU
		{4464D301-8308-4DDE-BC90-8DCB198E42DB}.Release|x64.Build.0 = Release|Any CPU
		{4464D301-8308-4DDE-BC90-8DCB198E42DB}.Release|x86.ActiveCfg = Release|Any CPU
		{4464D301-8308-4DDE-BC90-8DCB198E42DB}.Release|x86.Build.0 = Release|Any CPU
		{4464D301-8308-4DDE-BC90-8DCB198E42DB}.Debug|iPhoneSimulator.Build.0 = Debug|Any CPU
		{3D6FF026-7ABD-4ED4-9487-2D78A21679F1}.Debug|Any CPU.ActiveCfg = Debug|Any CPU
		{3D6FF026-7ABD-4ED4-9487-2D78A21679F1}.Debug|Any CPU.Build.0 = Debug|Any CPU
		{3D6FF026-7ABD-4ED4-9487-2D78A21679F1}.Debug|ARM.ActiveCfg = Debug|Any CPU
		{3D6FF026-7ABD-4ED4-9487-2D78A21679F1}.Debug|ARM.Build.0 = Debug|Any CPU
		{3D6FF026-7ABD-4ED4-9487-2D78A21679F1}.Debug|iPhone.ActiveCfg = Debug|Any CPU
		{3D6FF026-7ABD-4ED4-9487-2D78A21679F1}.Debug|iPhone.Build.0 = Debug|Any CPU
		{3D6FF026-7ABD-4ED4-9487-2D78A21679F1}.Debug|iPhoneSimulator.ActiveCfg = Debug|Any CPU
		{3D6FF026-7ABD-4ED4-9487-2D78A21679F1}.Debug|x64.ActiveCfg = Debug|Any CPU
		{3D6FF026-7ABD-4ED4-9487-2D78A21679F1}.Debug|x64.Build.0 = Debug|Any CPU
		{3D6FF026-7ABD-4ED4-9487-2D78A21679F1}.Debug|x86.ActiveCfg = Debug|Any CPU
		{3D6FF026-7ABD-4ED4-9487-2D78A21679F1}.Debug|x86.Build.0 = Debug|Any CPU
		{3D6FF026-7ABD-4ED4-9487-2D78A21679F1}.Release|Any CPU.ActiveCfg = Release|Any CPU
		{3D6FF026-7ABD-4ED4-9487-2D78A21679F1}.Release|Any CPU.Build.0 = Release|Any CPU
		{3D6FF026-7ABD-4ED4-9487-2D78A21679F1}.Release|ARM.ActiveCfg = Release|Any CPU
		{3D6FF026-7ABD-4ED4-9487-2D78A21679F1}.Release|ARM.Build.0 = Release|Any CPU
		{3D6FF026-7ABD-4ED4-9487-2D78A21679F1}.Release|iPhone.ActiveCfg = Release|Any CPU
		{3D6FF026-7ABD-4ED4-9487-2D78A21679F1}.Release|iPhone.Build.0 = Release|Any CPU
		{3D6FF026-7ABD-4ED4-9487-2D78A21679F1}.Release|iPhoneSimulator.ActiveCfg = Release|Any CPU
		{3D6FF026-7ABD-4ED4-9487-2D78A21679F1}.Release|iPhoneSimulator.Build.0 = Release|Any CPU
		{3D6FF026-7ABD-4ED4-9487-2D78A21679F1}.Release|x64.ActiveCfg = Release|Any CPU
		{3D6FF026-7ABD-4ED4-9487-2D78A21679F1}.Release|x64.Build.0 = Release|Any CPU
		{3D6FF026-7ABD-4ED4-9487-2D78A21679F1}.Release|x86.ActiveCfg = Release|Any CPU
		{3D6FF026-7ABD-4ED4-9487-2D78A21679F1}.Release|x86.Build.0 = Release|Any CPU
		{3D6FF026-7ABD-4ED4-9487-2D78A21679F1}.Debug|iPhoneSimulator.Build.0 = Debug|Any CPU
		{BBF54373-6690-40C8-BEBB-AFB325AD5104}.Debug|Any CPU.ActiveCfg = Debug|Any CPU
		{BBF54373-6690-40C8-BEBB-AFB325AD5104}.Debug|Any CPU.Build.0 = Debug|Any CPU
		{BBF54373-6690-40C8-BEBB-AFB325AD5104}.Debug|ARM.ActiveCfg = Debug|Any CPU
		{BBF54373-6690-40C8-BEBB-AFB325AD5104}.Debug|ARM.Build.0 = Debug|Any CPU
		{BBF54373-6690-40C8-BEBB-AFB325AD5104}.Debug|iPhone.ActiveCfg = Debug|Any CPU
		{BBF54373-6690-40C8-BEBB-AFB325AD5104}.Debug|iPhone.Build.0 = Debug|Any CPU
		{BBF54373-6690-40C8-BEBB-AFB325AD5104}.Debug|iPhoneSimulator.ActiveCfg = Debug|Any CPU
		{BBF54373-6690-40C8-BEBB-AFB325AD5104}.Debug|x64.ActiveCfg = Debug|Any CPU
		{BBF54373-6690-40C8-BEBB-AFB325AD5104}.Debug|x64.Build.0 = Debug|Any CPU
		{BBF54373-6690-40C8-BEBB-AFB325AD5104}.Debug|x86.ActiveCfg = Debug|Any CPU
		{BBF54373-6690-40C8-BEBB-AFB325AD5104}.Debug|x86.Build.0 = Debug|Any CPU
		{BBF54373-6690-40C8-BEBB-AFB325AD5104}.Release|Any CPU.ActiveCfg = Release|Any CPU
		{BBF54373-6690-40C8-BEBB-AFB325AD5104}.Release|Any CPU.Build.0 = Release|Any CPU
		{BBF54373-6690-40C8-BEBB-AFB325AD5104}.Release|ARM.ActiveCfg = Release|Any CPU
		{BBF54373-6690-40C8-BEBB-AFB325AD5104}.Release|ARM.Build.0 = Release|Any CPU
		{BBF54373-6690-40C8-BEBB-AFB325AD5104}.Release|iPhone.ActiveCfg = Release|Any CPU
		{BBF54373-6690-40C8-BEBB-AFB325AD5104}.Release|iPhone.Build.0 = Release|Any CPU
		{BBF54373-6690-40C8-BEBB-AFB325AD5104}.Release|iPhoneSimulator.ActiveCfg = Release|Any CPU
		{BBF54373-6690-40C8-BEBB-AFB325AD5104}.Release|iPhoneSimulator.Build.0 = Release|Any CPU
		{BBF54373-6690-40C8-BEBB-AFB325AD5104}.Release|x64.ActiveCfg = Release|Any CPU
		{BBF54373-6690-40C8-BEBB-AFB325AD5104}.Release|x64.Build.0 = Release|Any CPU
		{BBF54373-6690-40C8-BEBB-AFB325AD5104}.Release|x86.ActiveCfg = Release|Any CPU
		{BBF54373-6690-40C8-BEBB-AFB325AD5104}.Release|x86.Build.0 = Release|Any CPU
		{BBF54373-6690-40C8-BEBB-AFB325AD5104}.Debug|iPhoneSimulator.Build.0 = Debug|Any CPU
	EndGlobalSection
	GlobalSection(SolutionProperties) = preSolution
		HideSolutionNode = FALSE
	EndGlobalSection
	GlobalSection(NestedProjects) = preSolution
		{F8AF21F9-959E-4DA4-8E42-5CCE001D1BAF} = {B342CA20-B9B8-4999-BF9E-0CC9B2430D25}
		{1DED904C-4F36-4DB9-B20E-3771E116C477} = {A21E1319-D373-4B9D-AD6B-FD228D0B1F8D}
		{66E64680-FA42-4396-B5A8-B42DDE84E594} = {A21E1319-D373-4B9D-AD6B-FD228D0B1F8D}
		{DC9BB094-87C7-48E2-87EB-25E0D45F1633} = {A21E1319-D373-4B9D-AD6B-FD228D0B1F8D}
		{1453801C-C592-456B-B5F5-4D2469C0A8E6} = {A21E1319-D373-4B9D-AD6B-FD228D0B1F8D}
		{17F3B1B6-D8AB-449F-957C-F2AF26442C6C} = {1C7C5E16-2E0A-45BC-B2D0-D200B104A5B2}
		{4464D301-8308-4DDE-BC90-8DCB198E42DB} = {B624560C-5CE8-4D96-B54B-6C7AFD006593}
		{3D6FF026-7ABD-4ED4-9487-2D78A21679F1} = {22BB4F20-6BA2-41E2-A1BD-FD53445263CC}
		{BBF54373-6690-40C8-BEBB-AFB325AD5104} = {4F3B1AC3-FE06-436F-931B-EF4E77550E00}
	EndGlobalSection
	GlobalSection(ExtensibilityGlobals) = postSolution
		SolutionGuid = {863A6225-E9FF-4B9B-8E6A-399525E8C5D8}
	EndGlobalSection
	GlobalSection(MonoDevelopProperties) = preSolution
		version = 1.0
	EndGlobalSection
EndGlobal
